
Microsoft Visual Studio Solution File, Format Version 12.00
# Visual Studio Version 17
VisualStudioVersion = 17.1.32210.238
MinimumVisualStudioVersion = 10.0.40219.1
Project("{9A19103F-16F7-4668-BE54-9A1E7A4F7556}") = "easy-content-moderator", "easy-content-moderator.csproj", "{DF225D9F-AAD3-4547-B7B5-C65B2504220B}"
EndProject
Global
	GlobalSection(SolutionConfigurationPlatforms) = preSolution
		Debug|Any CPU = Debug|Any CPU
		Release|Any CPU = Release|Any CPU
	EndGlobalSection
	GlobalSection(ProjectConfigurationPlatforms) = postSolution
		{DF225D9F-AAD3-4547-B7B5-C65B2504220B}.Debug|Any CPU.ActiveCfg = Debug|Any CPU
		{DF225D9F-AAD3-4547-B7B5-C65B2504220B}.Debug|Any CPU.Build.0 = Debug|Any CPU
		{DF225D9F-AAD3-4547-B7B5-C65B2504220B}.Release|Any CPU.ActiveCfg = Release|Any CPU
		{DF225D9F-AAD3-4547-B7B5-C65B2504220B}.Release|Any CPU.Build.0 = Release|Any CPU
	EndGlobalSection
	GlobalSection(SolutionProperties) = preSolution
		HideSolutionNode = FALSE
	EndGlobalSection
	GlobalSection(ExtensibilityGlobals) = postSolution
		SolutionGuid = {EA9666D0-70F1-40A3-9B47-BC8643AD0F2F}
	EndGlobalSection
EndGlobal
